
Microsoft Visual Studio Solution File, Format Version 12.00
# Visual Studio 2012
Project("{FAE04EC0-301F-11D3-BF4B-00C04F79EFBC}") = "Project Far Cry 4 Private", "Project Far Cry 4 Private\Project Far Cry 4 Private.csproj", "{F18FDC6B-68BE-43D4-BFE7-F574964A3705}"
EndProject
Global
	GlobalSection(SolutionConfigurationPlatforms) = preSolution
		Debug|Any CPU = Debug|Any CPU
		Release|Any CPU = Release|Any CPU
	EndGlobalSection
	GlobalSection(ProjectConfigurationPlatforms) = postSolution
		{F18FDC6B-68BE-43D4-BFE7-F574964A3705}.Debug|Any CPU.ActiveCfg = Debug|Any CPU
		{F18FDC6B-68BE-43D4-BFE7-F574964A3705}.Debug|Any CPU.Build.0 = Debug|Any CPU
		{F18FDC6B-68BE-43D4-BFE7-F574964A3705}.Release|Any CPU.ActiveCfg = Release|Any CPU
		{F18FDC6B-68BE-43D4-BFE7-F574964A3705}.Release|Any CPU.Build.0 = Release|Any CPU
	EndGlobalSection
	GlobalSection(SolutionProperties) = preSolution
		HideSolutionNode = FALSE
	EndGlobalSection
EndGlobal
